
Microsoft Visual Studio Solution File, Format Version 12.00
# Visual Studio Version 16
VisualStudioVersion = 16.0.31624.102
MinimumVisualStudioVersion = 10.0.40219.1
Project("{9A19103F-16F7-4668-BE54-9A1E7A4F7556}") = "point-cloud-analyzer-web", "src\point-cloud-analyzer-web\point-cloud-analyzer-web.csproj", "{B258C60B-866E-46DA-9CCF-80E17B44A4BA}"
EndProject
Project("{FAE04EC0-301F-11D3-BF4B-00C04F79EFBC}") = "script-executor-web-api", "script-executor-web-api\script-executor-web-api.csproj", "{6D45AD90-D3FF-44DA-A65A-9B7FA727CAC2}"
EndProject
Global
	GlobalSection(SolutionConfigurationPlatforms) = preSolution
		Debug|Any CPU = Debug|Any CPU
		Release|Any CPU = Release|Any CPU
	EndGlobalSection
	GlobalSection(ProjectConfigurationPlatforms) = postSolution
		{B258C60B-866E-46DA-9CCF-80E17B44A4BA}.Debug|Any CPU.ActiveCfg = Debug|Any CPU
		{B258C60B-866E-46DA-9CCF-80E17B44A4BA}.Debug|Any CPU.Build.0 = Debug|Any CPU
		{B258C60B-866E-46DA-9CCF-80E17B44A4BA}.Release|Any CPU.ActiveCfg = Release|Any CPU
		{B258C60B-866E-46DA-9CCF-80E17B44A4BA}.Release|Any CPU.Build.0 = Release|Any CPU
		{6D45AD90-D3FF-44DA-A65A-9B7FA727CAC2}.Debug|Any CPU.ActiveCfg = Debug|Any CPU
		{6D45AD90-D3FF-44DA-A65A-9B7FA727CAC2}.Debug|Any CPU.Build.0 = Debug|Any CPU
		{6D45AD90-D3FF-44DA-A65A-9B7FA727CAC2}.Release|Any CPU.ActiveCfg = Release|Any CPU
		{6D45AD90-D3FF-44DA-A65A-9B7FA727CAC2}.Release|Any CPU.Build.0 = Release|Any CPU
	EndGlobalSection
	GlobalSection(SolutionProperties) = preSolution
		HideSolutionNode = FALSE
	EndGlobalSection
	GlobalSection(ExtensibilityGlobals) = postSolution
		SolutionGuid = {CB32DE2C-AB24-4303-A7B0-3CCA254C2C70}
	EndGlobalSection
EndGlobal
